// !$*UTF8*$!
{
	archiveVersion = 1;
	classes = {
	};
	objectVersion = 50;
	objects = {

/* Begin PBXBuildFile section */
		9530F50E24CF42BE00952004 /* UnionFind.swift in Sources */ = {isa = PBXBuildFile; fileRef = 9530F50D24CF42BE00952004 /* UnionFind.swift */; };
		9530F51124CF7A2900952004 /* FloodFillAssignment.swift in Sources */ = {isa = PBXBuildFile; fileRef = 9530F51024CF7A2900952004 /* FloodFillAssignment.swift */; };
		9530F51324CFA60100952004 /* TomatoFarm.swift in Sources */ = {isa = PBXBuildFile; fileRef = 9530F51224CFA60100952004 /* TomatoFarm.swift */; };
		9535CDD224D2202C00022B55 /* main.swift in Sources */ = {isa = PBXBuildFile; fileRef = 9535CDD124D2202C00022B55 /* main.swift */; };
		9535CDD624D2203600022B55 /* GreedyAlgAssignment.swift in Sources */ = {isa = PBXBuildFile; fileRef = 9535CDC924D21F9800022B55 /* GreedyAlgAssignment.swift */; };
		9538331424C8AD5200287EE4 /* FindShortestPath.swift in Sources */ = {isa = PBXBuildFile; fileRef = 9538331324C8AD5200287EE4 /* FindShortestPath.swift */; };
		9538D73D24D6B01700502395 /* PriorityQueue.swift in Sources */ = {isa = PBXBuildFile; fileRef = 9538D73C24D6B01700502395 /* PriorityQueue.swift */; };
		9538F66924DC66B500B081C9 /* ShortestPath.swift in Sources */ = {isa = PBXBuildFile; fileRef = 9538F66824DC66B500B081C9 /* ShortestPath.swift */; };
		95393C5324A26EFF00FF92F0 /* main.swift in Sources */ = {isa = PBXBuildFile; fileRef = 95393C5224A26EFF00FF92F0 /* main.swift */; };
		95393C6024A2C52E00FF92F0 /* Recursion.swift in Sources */ = {isa = PBXBuildFile; fileRef = 95393C5F24A2C52E00FF92F0 /* Recursion.swift */; };
		953E586024C7CB6E000C3E5B /* Permutation.swift in Sources */ = {isa = PBXBuildFile; fileRef = 953E585F24C7CB6E000C3E5B /* Permutation.swift */; };
		953E586224C7DD47000C3E5B /* RepeatingSequence.swift in Sources */ = {isa = PBXBuildFile; fileRef = 953E586124C7DD47000C3E5B /* RepeatingSequence.swift */; };
		95413ED924D3E11E0020B333 /* String+DPStringTool.swift in Sources */ = {isa = PBXBuildFile; fileRef = 953E586524C7E51D000C3E5B /* String+DPStringTool.swift */; };
		954C95A124BA705A0079D41B /* Bag.swift in Sources */ = {isa = PBXBuildFile; fileRef = 954C95A024BA705A0079D41B /* Bag.swift */; };
		954D35D824C3034000505FF6 /* main.swift in Sources */ = {isa = PBXBuildFile; fileRef = 954D35D724C3034000505FF6 /* main.swift */; };
		954D35E524C303AC00505FF6 /* main.swift in Sources */ = {isa = PBXBuildFile; fileRef = 954D35E424C303AC00505FF6 /* main.swift */; };
		954D35EA24C303B600505FF6 /* TreeQuiz.swift in Sources */ = {isa = PBXBuildFile; fileRef = 954D35E924C303B600505FF6 /* TreeQuiz.swift */; };
		9560E59B24C64AFC00FE55B5 /* LowestCommonAncestor.swift in Sources */ = {isa = PBXBuildFile; fileRef = 9560E59A24C64AFC00FE55B5 /* LowestCommonAncestor.swift */; };
		9563BDD624B54AA100ADBB31 /* main.swift in Sources */ = {isa = PBXBuildFile; fileRef = 9563BDD524B54AA100ADBB31 /* main.swift */; };
		9563BDE124B54B1C00ADBB31 /* Board.swift in Sources */ = {isa = PBXBuildFile; fileRef = 9563BDDF24B54B1C00ADBB31 /* Board.swift */; };
		9577593324B7F1F000B1C98C /* Stack.swift in Sources */ = {isa = PBXBuildFile; fileRef = 9577593224B7F1F000B1C98C /* Stack.swift */; };
		957DD33424D56FE700C696D0 /* MST.swift in Sources */ = {isa = PBXBuildFile; fileRef = 957DD33324D56FE700C696D0 /* MST.swift */; };
		957DD33524D5721E00C696D0 /* MyQueue.swift in Sources */ = {isa = PBXBuildFile; fileRef = 9577593024B7D09D00B1C98C /* MyQueue.swift */; };
		957DD33624D5722400C696D0 /* Queue.swift in Sources */ = {isa = PBXBuildFile; fileRef = 9538331624C8DE9200287EE4 /* Queue.swift */; };
		957DD33924D5724E00C696D0 /* UF.swift in Sources */ = {isa = PBXBuildFile; fileRef = 957DD33824D5724E00C696D0 /* UF.swift */; };
		957DD33B24D5753700C696D0 /* Queue.swift in Sources */ = {isa = PBXBuildFile; fileRef = 957DD33A24D5753700C696D0 /* Queue.swift */; };
		9592482B24B4183E000B22AE /* main.swift in Sources */ = {isa = PBXBuildFile; fileRef = 9592482A24B4183E000B22AE /* main.swift */; };
		95A070CC24D0FD1E00C31F16 /* DAG+TopologicalSort.swift in Sources */ = {isa = PBXBuildFile; fileRef = 95A070CB24D0FD1E00C31F16 /* DAG+TopologicalSort.swift */; };
		95B9018524DA38030082CE0E /* MinimumCostFlow.swift in Sources */ = {isa = PBXBuildFile; fileRef = 95B9018424DA38030082CE0E /* MinimumCostFlow.swift */; };
		95CB5E6924BD327A00CEA584 /* GroupPresentation.swift in Sources */ = {isa = PBXBuildFile; fileRef = 95CB5E6824BD327A00CEA584 /* GroupPresentation.swift */; };
		95CB5E6B24BD4B6400CEA584 /* PriorityQueue.swift in Sources */ = {isa = PBXBuildFile; fileRef = 95CB5E6A24BD4B6400CEA584 /* PriorityQueue.swift */; };
		95D8C75024B68D4D00D049A8 /* QueensSolver.swift in Sources */ = {isa = PBXBuildFile; fileRef = 95D8C74F24B68D4D00D049A8 /* QueensSolver.swift */; };
/* End PBXBuildFile section */

/* Begin PBXCopyFilesBuildPhase section */
		9535CDCD24D2202C00022B55 /* CopyFiles */ = {
			isa = PBXCopyFilesBuildPhase;
			buildActionMask = 2147483647;
			dstPath = /usr/share/man/man1/;
			dstSubfolderSpec = 0;
			files = (
			);
			runOnlyForDeploymentPostprocessing = 1;
		};
		95393C4D24A26EFF00FF92F0 /* CopyFiles */ = {
			isa = PBXCopyFilesBuildPhase;
			buildActionMask = 2147483647;
			dstPath = /usr/share/man/man1/;
			dstSubfolderSpec = 0;
			files = (
			);
			runOnlyForDeploymentPostprocessing = 1;
		};
		954D35D324C3034000505FF6 /* CopyFiles */ = {
			isa = PBXCopyFilesBuildPhase;
			buildActionMask = 2147483647;
			dstPath = /usr/share/man/man1/;
			dstSubfolderSpec = 0;
			files = (
			);
			runOnlyForDeploymentPostprocessing = 1;
		};
		954D35E024C303AC00505FF6 /* CopyFiles */ = {
			isa = PBXCopyFilesBuildPhase;
			buildActionMask = 2147483647;
			dstPath = /usr/share/man/man1/;
			dstSubfolderSpec = 0;
			files = (
			);
			runOnlyForDeploymentPostprocessing = 1;
		};
		9563BDD124B54AA100ADBB31 /* CopyFiles */ = {
			isa = PBXCopyFilesBuildPhase;
			buildActionMask = 2147483647;
			dstPath = /usr/share/man/man1/;
			dstSubfolderSpec = 0;
			files = (
			);
			runOnlyForDeploymentPostprocessing = 1;
		};
		9592482624B4183E000B22AE /* CopyFiles */ = {
			isa = PBXCopyFilesBuildPhase;
			buildActionMask = 2147483647;
			dstPath = /usr/share/man/man1/;
			dstSubfolderSpec = 0;
			files = (
			);
			runOnlyForDeploymentPostprocessing = 1;
		};
/* End PBXCopyFilesBuildPhase section */

/* Begin PBXFileReference section */
		9530F50D24CF42BE00952004 /* UnionFind.swift */ = {isa = PBXFileReference; fileEncoding = 4; lastKnownFileType = sourcecode.swift; path = UnionFind.swift; sourceTree = "<group>"; };
		9530F51024CF7A2900952004 /* FloodFillAssignment.swift */ = {isa = PBXFileReference; lastKnownFileType = sourcecode.swift; path = FloodFillAssignment.swift; sourceTree = "<group>"; };
		9530F51224CFA60100952004 /* TomatoFarm.swift */ = {isa = PBXFileReference; lastKnownFileType = sourcecode.swift; path = TomatoFarm.swift; sourceTree = "<group>"; };
		9535CDC924D21F9800022B55 /* GreedyAlgAssignment.swift */ = {isa = PBXFileReference; lastKnownFileType = sourcecode.swift; path = GreedyAlgAssignment.swift; sourceTree = "<group>"; };
		9535CDCF24D2202C00022B55 /* GreedyAlgorithm */ = {isa = PBXFileReference; explicitFileType = "compiled.mach-o.executable"; includeInIndex = 0; path = GreedyAlgorithm; sourceTree = BUILT_PRODUCTS_DIR; };
		9535CDD124D2202C00022B55 /* main.swift */ = {isa = PBXFileReference; lastKnownFileType = sourcecode.swift; path = main.swift; sourceTree = "<group>"; };
		9538331324C8AD5200287EE4 /* FindShortestPath.swift */ = {isa = PBXFileReference; lastKnownFileType = sourcecode.swift; path = FindShortestPath.swift; sourceTree = "<group>"; };
		9538331624C8DE9200287EE4 /* Queue.swift */ = {isa = PBXFileReference; fileEncoding = 4; lastKnownFileType = sourcecode.swift; path = Queue.swift; sourceTree = "<group>"; };
		9538D73C24D6B01700502395 /* PriorityQueue.swift */ = {isa = PBXFileReference; fileEncoding = 4; lastKnownFileType = sourcecode.swift; path = PriorityQueue.swift; sourceTree = "<group>"; };
		9538F66824DC66B500B081C9 /* ShortestPath.swift */ = {isa = PBXFileReference; lastKnownFileType = sourcecode.swift; path = ShortestPath.swift; sourceTree = "<group>"; };
		95393C4F24A26EFF00FF92F0 /* SwiftAlgorithmAndDataStructure */ = {isa = PBXFileReference; explicitFileType = "compiled.mach-o.executable"; includeInIndex = 0; path = SwiftAlgorithmAndDataStructure; sourceTree = BUILT_PRODUCTS_DIR; };
		95393C5224A26EFF00FF92F0 /* main.swift */ = {isa = PBXFileReference; lastKnownFileType = sourcecode.swift; path = main.swift; sourceTree = "<group>"; };
		95393C5F24A2C52E00FF92F0 /* Recursion.swift */ = {isa = PBXFileReference; lastKnownFileType = sourcecode.swift; path = Recursion.swift; sourceTree = "<group>"; };
		95393C6124A2C5B800FF92F0 /* story.txt */ = {isa = PBXFileReference; fileEncoding = 4; lastKnownFileType = text; name = story.txt; path = "../../../Classes/Swift-AGDS/SwiftAGDS/Recursion/story.txt"; sourceTree = "<group>"; };
		953E585F24C7CB6E000C3E5B /* Permutation.swift */ = {isa = PBXFileReference; lastKnownFileType = sourcecode.swift; path = Permutation.swift; sourceTree = "<group>"; };
		953E586124C7DD47000C3E5B /* RepeatingSequence.swift */ = {isa = PBXFileReference; lastKnownFileType = sourcecode.swift; path = RepeatingSequence.swift; sourceTree = "<group>"; };
		953E586524C7E51D000C3E5B /* String+DPStringTool.swift */ = {isa = PBXFileReference; fileEncoding = 4; lastKnownFileType = sourcecode.swift; path = "String+DPStringTool.swift"; sourceTree = "<group>"; };
		954C95A024BA705A0079D41B /* Bag.swift */ = {isa = PBXFileReference; fileEncoding = 4; lastKnownFileType = sourcecode.swift; path = Bag.swift; sourceTree = "<group>"; };
		954D35D524C3034000505FF6 /* Graphs */ = {isa = PBXFileReference; explicitFileType = "compiled.mach-o.executable"; includeInIndex = 0; path = Graphs; sourceTree = BUILT_PRODUCTS_DIR; };
		954D35D724C3034000505FF6 /* main.swift */ = {isa = PBXFileReference; lastKnownFileType = sourcecode.swift; path = main.swift; sourceTree = "<group>"; };
		954D35E224C303AC00505FF6 /* Trees */ = {isa = PBXFileReference; explicitFileType = "compiled.mach-o.executable"; includeInIndex = 0; path = Trees; sourceTree = BUILT_PRODUCTS_DIR; };
		954D35E424C303AC00505FF6 /* main.swift */ = {isa = PBXFileReference; lastKnownFileType = sourcecode.swift; path = main.swift; sourceTree = "<group>"; };
		954D35E924C303B600505FF6 /* TreeQuiz.swift */ = {isa = PBXFileReference; lastKnownFileType = sourcecode.swift; path = TreeQuiz.swift; sourceTree = "<group>"; };
		9560E59A24C64AFC00FE55B5 /* LowestCommonAncestor.swift */ = {isa = PBXFileReference; lastKnownFileType = sourcecode.swift; path = LowestCommonAncestor.swift; sourceTree = "<group>"; };
		9563BDD324B54AA100ADBB31 /* NQueensPrblm */ = {isa = PBXFileReference; explicitFileType = "compiled.mach-o.executable"; includeInIndex = 0; path = NQueensPrblm; sourceTree = BUILT_PRODUCTS_DIR; };
		9563BDD524B54AA100ADBB31 /* main.swift */ = {isa = PBXFileReference; lastKnownFileType = sourcecode.swift; path = main.swift; sourceTree = "<group>"; };
		9563BDDF24B54B1C00ADBB31 /* Board.swift */ = {isa = PBXFileReference; fileEncoding = 4; lastKnownFileType = sourcecode.swift; path = Board.swift; sourceTree = "<group>"; };
		9577593024B7D09D00B1C98C /* MyQueue.swift */ = {isa = PBXFileReference; lastKnownFileType = sourcecode.swift; path = MyQueue.swift; sourceTree = "<group>"; };
		9577593224B7F1F000B1C98C /* Stack.swift */ = {isa = PBXFileReference; lastKnownFileType = sourcecode.swift; path = Stack.swift; sourceTree = "<group>"; };
		957DD33324D56FE700C696D0 /* MST.swift */ = {isa = PBXFileReference; fileEncoding = 4; lastKnownFileType = sourcecode.swift; path = MST.swift; sourceTree = "<group>"; };
		957DD33824D5724E00C696D0 /* UF.swift */ = {isa = PBXFileReference; lastKnownFileType = sourcecode.swift; path = UF.swift; sourceTree = "<group>"; };
		957DD33A24D5753700C696D0 /* Queue.swift */ = {isa = PBXFileReference; lastKnownFileType = sourcecode.swift; path = Queue.swift; sourceTree = "<group>"; };
		9592482824B4183E000B22AE /* Sorting */ = {isa = PBXFileReference; explicitFileType = "compiled.mach-o.executable"; includeInIndex = 0; path = Sorting; sourceTree = BUILT_PRODUCTS_DIR; };
		9592482A24B4183E000B22AE /* main.swift */ = {isa = PBXFileReference; lastKnownFileType = sourcecode.swift; path = main.swift; sourceTree = "<group>"; };
		95A070CB24D0FD1E00C31F16 /* DAG+TopologicalSort.swift */ = {isa = PBXFileReference; lastKnownFileType = sourcecode.swift; path = "DAG+TopologicalSort.swift"; sourceTree = "<group>"; };
		95B9018424DA38030082CE0E /* MinimumCostFlow.swift */ = {isa = PBXFileReference; lastKnownFileType = sourcecode.swift; path = MinimumCostFlow.swift; sourceTree = "<group>"; };
		95CB5E6824BD327A00CEA584 /* GroupPresentation.swift */ = {isa = PBXFileReference; lastKnownFileType = sourcecode.swift; path = GroupPresentation.swift; sourceTree = "<group>"; };
		95CB5E6A24BD4B6400CEA584 /* PriorityQueue.swift */ = {isa = PBXFileReference; lastKnownFileType = sourcecode.swift; path = PriorityQueue.swift; sourceTree = "<group>"; };
		95D8C74F24B68D4D00D049A8 /* QueensSolver.swift */ = {isa = PBXFileReference; fileEncoding = 4; lastKnownFileType = sourcecode.swift; path = QueensSolver.swift; sourceTree = "<group>"; };
/* End PBXFileReference section */

/* Begin PBXFrameworksBuildPhase section */
		9535CDCC24D2202C00022B55 /* Frameworks */ = {
			isa = PBXFrameworksBuildPhase;
			buildActionMask = 2147483647;
			files = (
			);
			runOnlyForDeploymentPostprocessing = 0;
		};
		95393C4C24A26EFF00FF92F0 /* Frameworks */ = {
			isa = PBXFrameworksBuildPhase;
			buildActionMask = 2147483647;
			files = (
			);
			runOnlyForDeploymentPostprocessing = 0;
		};
		954D35D224C3034000505FF6 /* Frameworks */ = {
			isa = PBXFrameworksBuildPhase;
			buildActionMask = 2147483647;
			files = (
			);
			runOnlyForDeploymentPostprocessing = 0;
		};
		954D35DF24C303AC00505FF6 /* Frameworks */ = {
			isa = PBXFrameworksBuildPhase;
			buildActionMask = 2147483647;
			files = (
			);
			runOnlyForDeploymentPostprocessing = 0;
		};
		9563BDD024B54AA100ADBB31 /* Frameworks */ = {
			isa = PBXFrameworksBuildPhase;
			buildActionMask = 2147483647;
			files = (
			);
			runOnlyForDeploymentPostprocessing = 0;
		};
		9592482524B4183E000B22AE /* Frameworks */ = {
			isa = PBXFrameworksBuildPhase;
			buildActionMask = 2147483647;
			files = (
			);
			runOnlyForDeploymentPostprocessing = 0;
		};
/* End PBXFrameworksBuildPhase section */

/* Begin PBXGroup section */
		9530F50F24CF7A1300952004 /* FloodFill */ = {
			isa = PBXGroup;
			children = (
				9530F51024CF7A2900952004 /* FloodFillAssignment.swift */,
				9530F51224CFA60100952004 /* TomatoFarm.swift */,
			);
			path = FloodFill;
			sourceTree = "<group>";
		};
		9535CDD024D2202C00022B55 /* GreedyAlgorithm */ = {
			isa = PBXGroup;
			children = (
				9535CDC924D21F9800022B55 /* GreedyAlgAssignment.swift */,
				9535CDD124D2202C00022B55 /* main.swift */,
			);
			path = GreedyAlgorithm;
			sourceTree = "<group>";
		};
		9538331224C8AD3600287EE4 /* TreeGraph */ = {
			isa = PBXGroup;
			children = (
				9538331324C8AD5200287EE4 /* FindShortestPath.swift */,
			);
			path = TreeGraph;
			sourceTree = "<group>";
		};
		9538F66724DC66A600B081C9 /* ShortestPath */ = {
			isa = PBXGroup;
			children = (
				9538F66824DC66B500B081C9 /* ShortestPath.swift */,
			);
			path = ShortestPath;
			sourceTree = "<group>";
		};
		95393C4624A26EFF00FF92F0 = {
			isa = PBXGroup;
			children = (
				9577592F24B7CE3C00B1C98C /* CustomDataStructures */,
				95393C5C24A2C21500FF92F0 /* Utis */,
				95393C5124A26EFF00FF92F0 /* Class */,
				9592482924B4183E000B22AE /* Sorting */,
				9563BDD424B54AA100ADBB31 /* NQueensPrblm */,
				954D35D624C3034000505FF6 /* Graphs */,
				954D35E324C303AC00505FF6 /* Trees */,
				9535CDD024D2202C00022B55 /* GreedyAlgorithm */,
				95393C5024A26EFF00FF92F0 /* Products */,
			);
			sourceTree = "<group>";
		};
		95393C5024A26EFF00FF92F0 /* Products */ = {
			isa = PBXGroup;
			children = (
				95393C4F24A26EFF00FF92F0 /* SwiftAlgorithmAndDataStructure */,
				9592482824B4183E000B22AE /* Sorting */,
				9563BDD324B54AA100ADBB31 /* NQueensPrblm */,
				954D35D524C3034000505FF6 /* Graphs */,
				954D35E224C303AC00505FF6 /* Trees */,
				9535CDCF24D2202C00022B55 /* GreedyAlgorithm */,
			);
			name = Products;
			sourceTree = "<group>";
		};
		95393C5124A26EFF00FF92F0 /* Class */ = {
			isa = PBXGroup;
			children = (
				95CB5E6724BD324A00CEA584 /* AlgorithmExercise */,
				95393C5A24A2BCE100FF92F0 /* Recursion */,
				95393C6124A2C5B800FF92F0 /* story.txt */,
				95393C5224A26EFF00FF92F0 /* main.swift */,
			);
			path = Class;
			sourceTree = "<group>";
		};
		95393C5A24A2BCE100FF92F0 /* Recursion */ = {
			isa = PBXGroup;
			children = (
				95393C5F24A2C52E00FF92F0 /* Recursion.swift */,
			);
			path = Recursion;
			sourceTree = "<group>";
		};
		95393C5C24A2C21500FF92F0 /* Utis */ = {
			isa = PBXGroup;
			children = (
				953E586524C7E51D000C3E5B /* String+DPStringTool.swift */,
			);
			path = Utis;
			sourceTree = "<group>";
		};
		953E585E24C78C65000C3E5B /* Assignments */ = {
			isa = PBXGroup;
			children = (
				953E585F24C7CB6E000C3E5B /* Permutation.swift */,
				953E586124C7DD47000C3E5B /* RepeatingSequence.swift */,
			);
			path = Assignments;
			sourceTree = "<group>";
		};
		954D35D624C3034000505FF6 /* Graphs */ = {
			isa = PBXGroup;
			children = (
				9538F66724DC66A600B081C9 /* ShortestPath */,
				9577593024B7D09D00B1C98C /* MyQueue.swift */,
				95A070CA24D0FD0300C31F16 /* DAG+TopologicalSort */,
				9530F50F24CF7A1300952004 /* FloodFill */,
				9538331224C8AD3600287EE4 /* TreeGraph */,
				953E585E24C78C65000C3E5B /* Assignments */,
				954D35D724C3034000505FF6 /* main.swift */,
			);
			path = Graphs;
			sourceTree = "<group>";
		};
		954D35E324C303AC00505FF6 /* Trees */ = {
			isa = PBXGroup;
			children = (
				957DD33724D5723C00C696D0 /* CustomDS */,
				957DD33324D56FE700C696D0 /* MST.swift */,
				954D35E924C303B600505FF6 /* TreeQuiz.swift */,
				9560E59A24C64AFC00FE55B5 /* LowestCommonAncestor.swift */,
				95B9018424DA38030082CE0E /* MinimumCostFlow.swift */,
				954D35E424C303AC00505FF6 /* main.swift */,
			);
			path = Trees;
			sourceTree = "<group>";
		};
		9563BDD424B54AA100ADBB31 /* NQueensPrblm */ = {
			isa = PBXGroup;
			children = (
				9563BDDF24B54B1C00ADBB31 /* Board.swift */,
				95D8C74F24B68D4D00D049A8 /* QueensSolver.swift */,
				9563BDD524B54AA100ADBB31 /* main.swift */,
			);
			path = NQueensPrblm;
			sourceTree = "<group>";
		};
		9577592F24B7CE3C00B1C98C /* CustomDataStructures */ = {
			isa = PBXGroup;
			children = (
				9577593224B7F1F000B1C98C /* Stack.swift */,
				954C95A024BA705A0079D41B /* Bag.swift */,
				95CB5E6A24BD4B6400CEA584 /* PriorityQueue.swift */,
				9538331624C8DE9200287EE4 /* Queue.swift */,
				9530F50D24CF42BE00952004 /* UnionFind.swift */,
			);
			path = CustomDataStructures;
			sourceTree = "<group>";
		};
		957DD33724D5723C00C696D0 /* CustomDS */ = {
			isa = PBXGroup;
			children = (
				9538D73C24D6B01700502395 /* PriorityQueue.swift */,
				957DD33824D5724E00C696D0 /* UF.swift */,
				957DD33A24D5753700C696D0 /* Queue.swift */,
			);
			path = CustomDS;
			sourceTree = "<group>";
		};
		9592482924B4183E000B22AE /* Sorting */ = {
			isa = PBXGroup;
			children = (
				9592482A24B4183E000B22AE /* main.swift */,
			);
			path = Sorting;
			sourceTree = "<group>";
		};
		95A070CA24D0FD0300C31F16 /* DAG+TopologicalSort */ = {
			isa = PBXGroup;
			children = (
				95A070CB24D0FD1E00C31F16 /* DAG+TopologicalSort.swift */,
			);
			path = "DAG+TopologicalSort";
			sourceTree = "<group>";
		};
		95CB5E6724BD324A00CEA584 /* AlgorithmExercise */ = {
			isa = PBXGroup;
			children = (
				95CB5E6824BD327A00CEA584 /* GroupPresentation.swift */,
			);
			path = AlgorithmExercise;
			sourceTree = "<group>";
		};
/* End PBXGroup section */

/* Begin PBXNativeTarget section */
		9535CDCE24D2202C00022B55 /* GreedyAlgorithm */ = {
			isa = PBXNativeTarget;
			buildConfigurationList = 9535CDD324D2202C00022B55 /* Build configuration list for PBXNativeTarget "GreedyAlgorithm" */;
			buildPhases = (
				9535CDCB24D2202C00022B55 /* Sources */,
				9535CDCC24D2202C00022B55 /* Frameworks */,
				9535CDCD24D2202C00022B55 /* CopyFiles */,
			);
			buildRules = (
			);
			dependencies = (
			);
			name = GreedyAlgorithm;
			productName = GreedyAlgorithm;
			productReference = 9535CDCF24D2202C00022B55 /* GreedyAlgorithm */;
			productType = "com.apple.product-type.tool";
		};
		95393C4E24A26EFF00FF92F0 /* SwiftAlgorithmAndDataStructure */ = {
			isa = PBXNativeTarget;
			buildConfigurationList = 95393C5624A26EFF00FF92F0 /* Build configuration list for PBXNativeTarget "SwiftAlgorithmAndDataStructure" */;
			buildPhases = (
				95393C4B24A26EFF00FF92F0 /* Sources */,
				95393C4C24A26EFF00FF92F0 /* Frameworks */,
				95393C4D24A26EFF00FF92F0 /* CopyFiles */,
			);
			buildRules = (
			);
			dependencies = (
			);
			name = SwiftAlgorithmAndDataStructure;
			productName = SwiftAlgorithmAndDataStructure;
			productReference = 95393C4F24A26EFF00FF92F0 /* SwiftAlgorithmAndDataStructure */;
			productType = "com.apple.product-type.tool";
		};
		954D35D424C3034000505FF6 /* Graphs */ = {
			isa = PBXNativeTarget;
			buildConfigurationList = 954D35DB24C3034000505FF6 /* Build configuration list for PBXNativeTarget "Graphs" */;
			buildPhases = (
				954D35D124C3034000505FF6 /* Sources */,
				954D35D224C3034000505FF6 /* Frameworks */,
				954D35D324C3034000505FF6 /* CopyFiles */,
			);
			buildRules = (
			);
			dependencies = (
			);
			name = Graphs;
			productName = Graphs;
			productReference = 954D35D524C3034000505FF6 /* Graphs */;
			productType = "com.apple.product-type.tool";
		};
		954D35E124C303AC00505FF6 /* Trees */ = {
			isa = PBXNativeTarget;
			buildConfigurationList = 954D35E624C303AC00505FF6 /* Build configuration list for PBXNativeTarget "Trees" */;
			buildPhases = (
				954D35DE24C303AC00505FF6 /* Sources */,
				954D35DF24C303AC00505FF6 /* Frameworks */,
				954D35E024C303AC00505FF6 /* CopyFiles */,
			);
			buildRules = (
			);
			dependencies = (
			);
			name = Trees;
			productName = Trees;
			productReference = 954D35E224C303AC00505FF6 /* Trees */;
			productType = "com.apple.product-type.tool";
		};
		9563BDD224B54AA100ADBB31 /* NQueensPrblm */ = {
			isa = PBXNativeTarget;
			buildConfigurationList = 9563BDD924B54AA100ADBB31 /* Build configuration list for PBXNativeTarget "NQueensPrblm" */;
			buildPhases = (
				9563BDCF24B54AA100ADBB31 /* Sources */,
				9563BDD024B54AA100ADBB31 /* Frameworks */,
				9563BDD124B54AA100ADBB31 /* CopyFiles */,
			);
			buildRules = (
			);
			dependencies = (
			);
			name = NQueensPrblm;
			productName = NQueenPrblm;
			productReference = 9563BDD324B54AA100ADBB31 /* NQueensPrblm */;
			productType = "com.apple.product-type.tool";
		};
		9592482724B4183E000B22AE /* Sorting */ = {
			isa = PBXNativeTarget;
			buildConfigurationList = 9592482E24B4183E000B22AE /* Build configuration list for PBXNativeTarget "Sorting" */;
			buildPhases = (
				9592482424B4183E000B22AE /* Sources */,
				9592482524B4183E000B22AE /* Frameworks */,
				9592482624B4183E000B22AE /* CopyFiles */,
			);
			buildRules = (
			);
			dependencies = (
			);
			name = Sorting;
			productName = Sorting;
			productReference = 9592482824B4183E000B22AE /* Sorting */;
			productType = "com.apple.product-type.tool";
		};
/* End PBXNativeTarget section */

/* Begin PBXProject section */
		95393C4724A26EFF00FF92F0 /* Project object */ = {
			isa = PBXProject;
			attributes = {
				LastSwiftUpdateCheck = 1160;
				LastUpgradeCheck = 1150;
				ORGANIZATIONNAME = "Martin Kuchar";
				TargetAttributes = {
					9535CDCE24D2202C00022B55 = {
						CreatedOnToolsVersion = 11.6;
					};
					95393C4E24A26EFF00FF92F0 = {
						CreatedOnToolsVersion = 11.5;
					};
					954D35D424C3034000505FF6 = {
						CreatedOnToolsVersion = 11.5;
					};
					954D35E124C303AC00505FF6 = {
						CreatedOnToolsVersion = 11.5;
					};
					9563BDD224B54AA100ADBB31 = {
						CreatedOnToolsVersion = 11.5;
					};
					9592482724B4183E000B22AE = {
						CreatedOnToolsVersion = 11.5;
					};
				};
			};
			buildConfigurationList = 95393C4A24A26EFF00FF92F0 /* Build configuration list for PBXProject "SwiftAlgorithmAndDataStructure" */;
			compatibilityVersion = "Xcode 9.3";
			developmentRegion = en;
			hasScannedForEncodings = 0;
			knownRegions = (
				en,
				Base,
			);
			mainGroup = 95393C4624A26EFF00FF92F0;
			productRefGroup = 95393C5024A26EFF00FF92F0 /* Products */;
			projectDirPath = "";
			projectRoot = "";
			targets = (
				95393C4E24A26EFF00FF92F0 /* SwiftAlgorithmAndDataStructure */,
				9592482724B4183E000B22AE /* Sorting */,
				9563BDD224B54AA100ADBB31 /* NQueensPrblm */,
				954D35D424C3034000505FF6 /* Graphs */,
				954D35E124C303AC00505FF6 /* Trees */,
				9535CDCE24D2202C00022B55 /* GreedyAlgorithm */,
			);
		};
/* End PBXProject section */

/* Begin PBXSourcesBuildPhase section */
		9535CDCB24D2202C00022B55 /* Sources */ = {
			isa = PBXSourcesBuildPhase;
			buildActionMask = 2147483647;
			files = (
				95413ED924D3E11E0020B333 /* String+DPStringTool.swift in Sources */,
				9535CDD224D2202C00022B55 /* main.swift in Sources */,
				9535CDD624D2203600022B55 /* GreedyAlgAssignment.swift in Sources */,
			);
			runOnlyForDeploymentPostprocessing = 0;
		};
		95393C4B24A26EFF00FF92F0 /* Sources */ = {
			isa = PBXSourcesBuildPhase;
			buildActionMask = 2147483647;
			files = (
				95393C6024A2C52E00FF92F0 /* Recursion.swift in Sources */,
				9530F50E24CF42BE00952004 /* UnionFind.swift in Sources */,
				9577593324B7F1F000B1C98C /* Stack.swift in Sources */,
				957DD33624D5722400C696D0 /* Queue.swift in Sources */,
				954C95A124BA705A0079D41B /* Bag.swift in Sources */,
				95CB5E6924BD327A00CEA584 /* GroupPresentation.swift in Sources */,
				95393C5324A26EFF00FF92F0 /* main.swift in Sources */,
				95CB5E6B24BD4B6400CEA584 /* PriorityQueue.swift in Sources */,
			);
			runOnlyForDeploymentPostprocessing = 0;
		};
		954D35D124C3034000505FF6 /* Sources */ = {
			isa = PBXSourcesBuildPhase;
			buildActionMask = 2147483647;
			files = (
				953E586224C7DD47000C3E5B /* RepeatingSequence.swift in Sources */,
				957DD33524D5721E00C696D0 /* MyQueue.swift in Sources */,
				953E586024C7CB6E000C3E5B /* Permutation.swift in Sources */,
				9538F66924DC66B500B081C9 /* ShortestPath.swift in Sources */,
				9538331424C8AD5200287EE4 /* FindShortestPath.swift in Sources */,
				9530F51124CF7A2900952004 /* FloodFillAssignment.swift in Sources */,
				9530F51324CFA60100952004 /* TomatoFarm.swift in Sources */,
				95A070CC24D0FD1E00C31F16 /* DAG+TopologicalSort.swift in Sources */,
				954D35D824C3034000505FF6 /* main.swift in Sources */,
			);
			runOnlyForDeploymentPostprocessing = 0;
		};
		954D35DE24C303AC00505FF6 /* Sources */ = {
			isa = PBXSourcesBuildPhase;
			buildActionMask = 2147483647;
			files = (
				957DD33424D56FE700C696D0 /* MST.swift in Sources */,
				957DD33B24D5753700C696D0 /* Queue.swift in Sources */,
				954D35EA24C303B600505FF6 /* TreeQuiz.swift in Sources */,
				954D35E524C303AC00505FF6 /* main.swift in Sources */,
				957DD33924D5724E00C696D0 /* UF.swift in Sources */,
				95B9018524DA38030082CE0E /* MinimumCostFlow.swift in Sources */,
				9538D73D24D6B01700502395 /* PriorityQueue.swift in Sources */,
				9560E59B24C64AFC00FE55B5 /* LowestCommonAncestor.swift in Sources */,
			);
			runOnlyForDeploymentPostprocessing = 0;
		};
		9563BDCF24B54AA100ADBB31 /* Sources */ = {
			isa = PBXSourcesBuildPhase;
			buildActionMask = 2147483647;
			files = (
				9563BDD624B54AA100ADBB31 /* main.swift in Sources */,
				9563BDE124B54B1C00ADBB31 /* Board.swift in Sources */,
				95D8C75024B68D4D00D049A8 /* QueensSolver.swift in Sources */,
			);
			runOnlyForDeploymentPostprocessing = 0;
		};
		9592482424B4183E000B22AE /* Sources */ = {
			isa = PBXSourcesBuildPhase;
			buildActionMask = 2147483647;
			files = (
				9592482B24B4183E000B22AE /* main.swift in Sources */,
			);
			runOnlyForDeploymentPostprocessing = 0;
		};
/* End PBXSourcesBuildPhase section */

/* Begin XCBuildConfiguration section */
		9535CDD424D2202C00022B55 /* Debug */ = {
			isa = XCBuildConfiguration;
			buildSettings = {
				CODE_SIGN_STYLE = Automatic;
				DEVELOPMENT_TEAM = PC4J6W84S8;
				ENABLE_HARDENED_RUNTIME = YES;
				PRODUCT_NAME = "$(TARGET_NAME)";
				SWIFT_VERSION = 5.0;
			};
			name = Debug;
		};
		9535CDD524D2202C00022B55 /* Release */ = {
			isa = XCBuildConfiguration;
			buildSettings = {
				CODE_SIGN_STYLE = Automatic;
				DEVELOPMENT_TEAM = PC4J6W84S8;
				ENABLE_HARDENED_RUNTIME = YES;
				PRODUCT_NAME = "$(TARGET_NAME)";
				SWIFT_VERSION = 5.0;
			};
			name = Release;
		};
		95393C5424A26EFF00FF92F0 /* Debug */ = {
			isa = XCBuildConfiguration;
			buildSettings = {
				ALWAYS_SEARCH_USER_PATHS = NO;
				CLANG_ANALYZER_NONNULL = YES;
				CLANG_ANALYZER_NUMBER_OBJECT_CONVERSION = YES_AGGRESSIVE;
				CLANG_CXX_LANGUAGE_STANDARD = "gnu++14";
				CLANG_CXX_LIBRARY = "libc++";
				CLANG_ENABLE_MODULES = YES;
				CLANG_ENABLE_OBJC_ARC = YES;
				CLANG_ENABLE_OBJC_WEAK = YES;
				CLANG_WARN_BLOCK_CAPTURE_AUTORELEASING = YES;
				CLANG_WARN_BOOL_CONVERSION = YES;
				CLANG_WARN_COMMA = YES;
				CLANG_WARN_CONSTANT_CONVERSION = YES;
				CLANG_WARN_DEPRECATED_OBJC_IMPLEMENTATIONS = YES;
				CLANG_WARN_DIRECT_OBJC_ISA_USAGE = YES_ERROR;
				CLANG_WARN_DOCUMENTATION_COMMENTS = YES;
				CLANG_WARN_EMPTY_BODY = YES;
				CLANG_WARN_ENUM_CONVERSION = YES;
				CLANG_WARN_INFINITE_RECURSION = YES;
				CLANG_WARN_INT_CONVERSION = YES;
				CLANG_WARN_NON_LITERAL_NULL_CONVERSION = YES;
				CLANG_WARN_OBJC_IMPLICIT_RETAIN_SELF = YES;
				CLANG_WARN_OBJC_LITERAL_CONVERSION = YES;
				CLANG_WARN_OBJC_ROOT_CLASS = YES_ERROR;
				CLANG_WARN_RANGE_LOOP_ANALYSIS = YES;
				CLANG_WARN_STRICT_PROTOTYPES = YES;
				CLANG_WARN_SUSPICIOUS_MOVE = YES;
				CLANG_WARN_UNGUARDED_AVAILABILITY = YES_AGGRESSIVE;
				CLANG_WARN_UNREACHABLE_CODE = YES;
				CLANG_WARN__DUPLICATE_METHOD_MATCH = YES;
				COPY_PHASE_STRIP = NO;
				DEBUG_INFORMATION_FORMAT = dwarf;
				ENABLE_STRICT_OBJC_MSGSEND = YES;
				ENABLE_TESTABILITY = YES;
				GCC_C_LANGUAGE_STANDARD = gnu11;
				GCC_DYNAMIC_NO_PIC = NO;
				GCC_NO_COMMON_BLOCKS = YES;
				GCC_OPTIMIZATION_LEVEL = 0;
				GCC_PREPROCESSOR_DEFINITIONS = (
					"DEBUG=1",
					"$(inherited)",
				);
				GCC_WARN_64_TO_32_BIT_CONVERSION = YES;
				GCC_WARN_ABOUT_RETURN_TYPE = YES_ERROR;
				GCC_WARN_UNDECLARED_SELECTOR = YES;
				GCC_WARN_UNINITIALIZED_AUTOS = YES_AGGRESSIVE;
				GCC_WARN_UNUSED_FUNCTION = YES;
				GCC_WARN_UNUSED_VARIABLE = YES;
				MACOSX_DEPLOYMENT_TARGET = 10.15;
				MTL_ENABLE_DEBUG_INFO = INCLUDE_SOURCE;
				MTL_FAST_MATH = YES;
				ONLY_ACTIVE_ARCH = YES;
				SDKROOT = macosx;
				SWIFT_ACTIVE_COMPILATION_CONDITIONS = DEBUG;
				SWIFT_OPTIMIZATION_LEVEL = "-Onone";
			};
			name = Debug;
		};
		95393C5524A26EFF00FF92F0 /* Release */ = {
			isa = XCBuildConfiguration;
			buildSettings = {
				ALWAYS_SEARCH_USER_PATHS = NO;
				CLANG_ANALYZER_NONNULL = YES;
				CLANG_ANALYZER_NUMBER_OBJECT_CONVERSION = YES_AGGRESSIVE;
				CLANG_CXX_LANGUAGE_STANDARD = "gnu++14";
				CLANG_CXX_LIBRARY = "libc++";
				CLANG_ENABLE_MODULES = YES;
				CLANG_ENABLE_OBJC_ARC = YES;
				CLANG_ENABLE_OBJC_WEAK = YES;
				CLANG_WARN_BLOCK_CAPTURE_AUTORELEASING = YES;
				CLANG_WARN_BOOL_CONVERSION = YES;
				CLANG_WARN_COMMA = YES;
				CLANG_WARN_CONSTANT_CONVERSION = YES;
				CLANG_WARN_DEPRECATED_OBJC_IMPLEMENTATIONS = YES;
				CLANG_WARN_DIRECT_OBJC_ISA_USAGE = YES_ERROR;
				CLANG_WARN_DOCUMENTATION_COMMENTS = YES;
				CLANG_WARN_EMPTY_BODY = YES;
				CLANG_WARN_ENUM_CONVERSION = YES;
				CLANG_WARN_INFINITE_RECURSION = YES;
				CLANG_WARN_INT_CONVERSION = YES;
				CLANG_WARN_NON_LITERAL_NULL_CONVERSION = YES;
				CLANG_WARN_OBJC_IMPLICIT_RETAIN_SELF = YES;
				CLANG_WARN_OBJC_LITERAL_CONVERSION = YES;
				CLANG_WARN_OBJC_ROOT_CLASS = YES_ERROR;
				CLANG_WARN_RANGE_LOOP_ANALYSIS = YES;
				CLANG_WARN_STRICT_PROTOTYPES = YES;
				CLANG_WARN_SUSPICIOUS_MOVE = YES;
				CLANG_WARN_UNGUARDED_AVAILABILITY = YES_AGGRESSIVE;
				CLANG_WARN_UNREACHABLE_CODE = YES;
				CLANG_WARN__DUPLICATE_METHOD_MATCH = YES;
				COPY_PHASE_STRIP = NO;
				DEBUG_INFORMATION_FORMAT = "dwarf-with-dsym";
				ENABLE_NS_ASSERTIONS = NO;
				ENABLE_STRICT_OBJC_MSGSEND = YES;
				GCC_C_LANGUAGE_STANDARD = gnu11;
				GCC_NO_COMMON_BLOCKS = YES;
				GCC_WARN_64_TO_32_BIT_CONVERSION = YES;
				GCC_WARN_ABOUT_RETURN_TYPE = YES_ERROR;
				GCC_WARN_UNDECLARED_SELECTOR = YES;
				GCC_WARN_UNINITIALIZED_AUTOS = YES_AGGRESSIVE;
				GCC_WARN_UNUSED_FUNCTION = YES;
				GCC_WARN_UNUSED_VARIABLE = YES;
				MACOSX_DEPLOYMENT_TARGET = 10.15;
				MTL_ENABLE_DEBUG_INFO = NO;
				MTL_FAST_MATH = YES;
				SDKROOT = macosx;
				SWIFT_COMPILATION_MODE = wholemodule;
				SWIFT_OPTIMIZATION_LEVEL = "-O";
			};
			name = Release;
		};
		95393C5724A26EFF00FF92F0 /* Debug */ = {
			isa = XCBuildConfiguration;
			buildSettings = {
				CODE_SIGN_STYLE = Automatic;
				DEVELOPMENT_TEAM = PC4J6W84S8;
				ENABLE_HARDENED_RUNTIME = YES;
				PRODUCT_NAME = "$(TARGET_NAME)";
				SWIFT_VERSION = 5.0;
			};
			name = Debug;
		};
		95393C5824A26EFF00FF92F0 /* Release */ = {
			isa = XCBuildConfiguration;
			buildSettings = {
				CODE_SIGN_STYLE = Automatic;
				DEVELOPMENT_TEAM = PC4J6W84S8;
				ENABLE_HARDENED_RUNTIME = YES;
				PRODUCT_NAME = "$(TARGET_NAME)";
				SWIFT_VERSION = 5.0;
			};
			name = Release;
		};
		954D35D924C3034000505FF6 /* Debug */ = {
			isa = XCBuildConfiguration;
			buildSettings = {
				CODE_SIGN_STYLE = Automatic;
				DEVELOPMENT_TEAM = PC4J6W84S8;
				ENABLE_HARDENED_RUNTIME = YES;
				PRODUCT_NAME = "$(TARGET_NAME)";
				SWIFT_VERSION = 5.0;
			};
			name = Debug;
		};
		954D35DA24C3034000505FF6 /* Release */ = {
			isa = XCBuildConfiguration;
			buildSettings = {
				CODE_SIGN_STYLE = Automatic;
				DEVELOPMENT_TEAM = PC4J6W84S8;
				ENABLE_HARDENED_RUNTIME = YES;
				PRODUCT_NAME = "$(TARGET_NAME)";
				SWIFT_VERSION = 5.0;
			};
			name = Release;
		};
		954D35E724C303AC00505FF6 /* Debug */ = {
			isa = XCBuildConfiguration;
			buildSettings = {
				CODE_SIGN_STYLE = Automatic;
				DEVELOPMENT_TEAM = PC4J6W84S8;
				ENABLE_HARDENED_RUNTIME = YES;
				PRODUCT_NAME = "$(TARGET_NAME)";
				SWIFT_VERSION = 5.0;
			};
			name = Debug;
		};
		954D35E824C303AC00505FF6 /* Release */ = {
			isa = XCBuildConfiguration;
			buildSettings = {
				CODE_SIGN_STYLE = Automatic;
				DEVELOPMENT_TEAM = PC4J6W84S8;
				ENABLE_HARDENED_RUNTIME = YES;
				PRODUCT_NAME = "$(TARGET_NAME)";
				SWIFT_VERSION = 5.0;
			};
			name = Release;
		};
		9563BDD724B54AA100ADBB31 /* Debug */ = {
			isa = XCBuildConfiguration;
			buildSettings = {
				CODE_SIGN_STYLE = Automatic;
				DEVELOPMENT_TEAM = PC4J6W84S8;
				ENABLE_HARDENED_RUNTIME = YES;
				PRODUCT_NAME = "$(TARGET_NAME)";
				SWIFT_VERSION = 5.0;
			};
			name = Debug;
		};
		9563BDD824B54AA100ADBB31 /* Release */ = {
			isa = XCBuildConfiguration;
			buildSettings = {
				CODE_SIGN_STYLE = Automatic;
				DEVELOPMENT_TEAM = PC4J6W84S8;
				ENABLE_HARDENED_RUNTIME = YES;
				PRODUCT_NAME = "$(TARGET_NAME)";
				SWIFT_VERSION = 5.0;
			};
			name = Release;
		};
		9592482C24B4183E000B22AE /* Debug */ = {
			isa = XCBuildConfiguration;
			buildSettings = {
				CODE_SIGN_STYLE = Automatic;
				DEVELOPMENT_TEAM = PC4J6W84S8;
				ENABLE_HARDENED_RUNTIME = YES;
				PRODUCT_NAME = "$(TARGET_NAME)";
				SWIFT_VERSION = 5.0;
			};
			name = Debug;
		};
		9592482D24B4183E000B22AE /* Release */ = {
			isa = XCBuildConfiguration;
			buildSettings = {
				CODE_SIGN_STYLE = Automatic;
				DEVELOPMENT_TEAM = PC4J6W84S8;
				ENABLE_HARDENED_RUNTIME = YES;
				PRODUCT_NAME = "$(TARGET_NAME)";
				SWIFT_VERSION = 5.0;
			};
			name = Release;
		};
/* End XCBuildConfiguration section */

/* Begin XCConfigurationList section */
		9535CDD324D2202C00022B55 /* Build configuration list for PBXNativeTarget "GreedyAlgorithm" */ = {
			isa = XCConfigurationList;
			buildConfigurations = (
				9535CDD424D2202C00022B55 /* Debug */,
				9535CDD524D2202C00022B55 /* Release */,
			);
			defaultConfigurationIsVisible = 0;
			defaultConfigurationName = Release;
		};
		95393C4A24A26EFF00FF92F0 /* Build configuration list for PBXProject "SwiftAlgorithmAndDataStructure" */ = {
			isa = XCConfigurationList;
			buildConfigurations = (
				95393C5424A26EFF00FF92F0 /* Debug */,
				95393C5524A26EFF00FF92F0 /* Release */,
			);
			defaultConfigurationIsVisible = 0;
			defaultConfigurationName = Release;
		};
		95393C5624A26EFF00FF92F0 /* Build configuration list for PBXNativeTarget "SwiftAlgorithmAndDataStructure" */ = {
			isa = XCConfigurationList;
			buildConfigurations = (
				95393C5724A26EFF00FF92F0 /* Debug */,
				95393C5824A26EFF00FF92F0 /* Release */,
			);
			defaultConfigurationIsVisible = 0;
			defaultConfigurationName = Release;
		};
		954D35DB24C3034000505FF6 /* Build configuration list for PBXNativeTarget "Graphs" */ = {
			isa = XCConfigurationList;
			buildConfigurations = (
				954D35D924C3034000505FF6 /* Debug */,
				954D35DA24C3034000505FF6 /* Release */,
			);
			defaultConfigurationIsVisible = 0;
			defaultConfigurationName = Release;
		};
		954D35E624C303AC00505FF6 /* Build configuration list for PBXNativeTarget "Trees" */ = {
			isa = XCConfigurationList;
			buildConfigurations = (
				954D35E724C303AC00505FF6 /* Debug */,
				954D35E824C303AC00505FF6 /* Release */,
			);
			defaultConfigurationIsVisible = 0;
			defaultConfigurationName = Release;
		};
		9563BDD924B54AA100ADBB31 /* Build configuration list for PBXNativeTarget "NQueensPrblm" */ = {
			isa = XCConfigurationList;
			buildConfigurations = (
				9563BDD724B54AA100ADBB31 /* Debug */,
				9563BDD824B54AA100ADBB31 /* Release */,
			);
			defaultConfigurationIsVisible = 0;
			defaultConfigurationName = Release;
		};
		9592482E24B4183E000B22AE /* Build configuration list for PBXNativeTarget "Sorting" */ = {
			isa = XCConfigurationList;
			buildConfigurations = (
				9592482C24B4183E000B22AE /* Debug */,
				9592482D24B4183E000B22AE /* Release */,
			);
			defaultConfigurationIsVisible = 0;
			defaultConfigurationName = Release;
		};
/* End XCConfigurationList section */
	};
	rootObject = 95393C4724A26EFF00FF92F0 /* Project object */;
}
